// !$*UTF8*$!
{
	archiveVersion = 1;
	classes = {
	};
	objectVersion = 56;
	objects = {

/* Begin PBXBuildFile section */
		3A0DC4542E520CE48DE5827C /* Pods_StaffUIKit.framework in Frameworks */ = {isa = PBXBuildFile; fileRef = 4FB199641CC6399D6AC2EC39 /* Pods_StaffUIKit.framework */; };
		FA09444C299E8C5000AA24AE /* HomeIndicatorTableViewCell.swift in Sources */ = {isa = PBXBuildFile; fileRef = FA09444A299E8C5000AA24AE /* HomeIndicatorTableViewCell.swift */; };
		FA09444D299E8C5000AA24AE /* HomeIndicatorTableViewCell.xib in Resources */ = {isa = PBXBuildFile; fileRef = FA09444B299E8C5000AA24AE /* HomeIndicatorTableViewCell.xib */; };
		FA094450299E8DF700AA24AE /* CategoryDataService.swift in Sources */ = {isa = PBXBuildFile; fileRef = FA09444F299E8DF700AA24AE /* CategoryDataService.swift */; };
		FA31839A299A0E0D00DDDBD3 /* AppDelegate.swift in Sources */ = {isa = PBXBuildFile; fileRef = FA318399299A0E0D00DDDBD3 /* AppDelegate.swift */; };
		FA31839C299A0E0D00DDDBD3 /* SceneDelegate.swift in Sources */ = {isa = PBXBuildFile; fileRef = FA31839B299A0E0D00DDDBD3 /* SceneDelegate.swift */; };
		FA3183A1299A0E0D00DDDBD3 /* Main.storyboard in Resources */ = {isa = PBXBuildFile; fileRef = FA31839F299A0E0D00DDDBD3 /* Main.storyboard */; };
		FA3183A4299A0E0D00DDDBD3 /* StaffUIKit.xcdatamodeld in Sources */ = {isa = PBXBuildFile; fileRef = FA3183A2299A0E0D00DDDBD3 /* StaffUIKit.xcdatamodeld */; };
		FA3183A6299A0E0E00DDDBD3 /* Assets.xcassets in Resources */ = {isa = PBXBuildFile; fileRef = FA3183A5299A0E0E00DDDBD3 /* Assets.xcassets */; };
		FA3183A9299A0E0E00DDDBD3 /* LaunchScreen.storyboard in Resources */ = {isa = PBXBuildFile; fileRef = FA3183A7299A0E0E00DDDBD3 /* LaunchScreen.storyboard */; };
		FA3183B5299A0EBA00DDDBD3 /* HomeViewController.swift in Sources */ = {isa = PBXBuildFile; fileRef = FA3183B4299A0EBA00DDDBD3 /* HomeViewController.swift */; };
		FA3183B9299A12CD00DDDBD3 /* HomeHeaderTableViewCell.swift in Sources */ = {isa = PBXBuildFile; fileRef = FA3183B7299A12CD00DDDBD3 /* HomeHeaderTableViewCell.swift */; };
		FA3183BA299A12CD00DDDBD3 /* HomeHeaderTableViewCell.xib in Resources */ = {isa = PBXBuildFile; fileRef = FA3183B8299A12CD00DDDBD3 /* HomeHeaderTableViewCell.xib */; };
		FA3183BE299A2CD500DDDBD3 /* HomeSearchBarTableViewCell.swift in Sources */ = {isa = PBXBuildFile; fileRef = FA3183BC299A2CD500DDDBD3 /* HomeSearchBarTableViewCell.swift */; };
		FA3183BF299A2CD500DDDBD3 /* HomeSearchBarTableViewCell.xib in Resources */ = {isa = PBXBuildFile; fileRef = FA3183BD299A2CD500DDDBD3 /* HomeSearchBarTableViewCell.xib */; };
		FA3183C3299A315F00DDDBD3 /* HomeFilterTableViewCell.swift in Sources */ = {isa = PBXBuildFile; fileRef = FA3183C1299A315F00DDDBD3 /* HomeFilterTableViewCell.swift */; };
		FA3183C4299A315F00DDDBD3 /* HomeFilterTableViewCell.xib in Resources */ = {isa = PBXBuildFile; fileRef = FA3183C2299A315F00DDDBD3 /* HomeFilterTableViewCell.xib */; };
		FA73C058299B7BF60099A514 /* HomeNetworkService.swift in Sources */ = {isa = PBXBuildFile; fileRef = FA73C057299B7BF60099A514 /* HomeNetworkService.swift */; };
		FA73C05B299BAFBE0099A514 /* HomeModel.swift in Sources */ = {isa = PBXBuildFile; fileRef = FA73C05A299BAFBE0099A514 /* HomeModel.swift */; };
		FA73C05E299BB4010099A514 /* Helper.swift in Sources */ = {isa = PBXBuildFile; fileRef = FA73C05D299BB4010099A514 /* Helper.swift */; };
		FA73C061299BB5190099A514 /* UserInfo.swift in Sources */ = {isa = PBXBuildFile; fileRef = FA73C060299BB5190099A514 /* UserInfo.swift */; };
		FABCA4F7299C883D00989688 /* VacancyModel.swift in Sources */ = {isa = PBXBuildFile; fileRef = FABCA4F6299C883D00989688 /* VacancyModel.swift */; };
		FAC47224299A40D5003E1E3E /* HomeTopCategoriesTableViewCell.swift in Sources */ = {isa = PBXBuildFile; fileRef = FAC47222299A40D5003E1E3E /* HomeTopCategoriesTableViewCell.swift */; };
		FAC47225299A40D5003E1E3E /* HomeTopCategoriesTableViewCell.xib in Resources */ = {isa = PBXBuildFile; fileRef = FAC47223299A40D5003E1E3E /* HomeTopCategoriesTableViewCell.xib */; };
		FAC4722D299A4192003E1E3E /* HomeTopCategoryCollectionViewCell.swift in Sources */ = {isa = PBXBuildFile; fileRef = FAC4722B299A4192003E1E3E /* HomeTopCategoryCollectionViewCell.swift */; };
		FAC4722E299A4192003E1E3E /* HomeTopCategoryCollectionViewCell.xib in Resources */ = {isa = PBXBuildFile; fileRef = FAC4722C299A4192003E1E3E /* HomeTopCategoryCollectionViewCell.xib */; };
		FAC47236299A995C003E1E3E /* HomeTopCompaniesTableViewCell.swift in Sources */ = {isa = PBXBuildFile; fileRef = FAC47234299A995C003E1E3E /* HomeTopCompaniesTableViewCell.swift */; };
		FAC47237299A995C003E1E3E /* HomeTopCompaniesTableViewCell.xib in Resources */ = {isa = PBXBuildFile; fileRef = FAC47235299A995C003E1E3E /* HomeTopCompaniesTableViewCell.xib */; };
		FAC4723B299A99FF003E1E3E /* HomeTopCompanyCollectionViewCell.swift in Sources */ = {isa = PBXBuildFile; fileRef = FAC47239299A99FF003E1E3E /* HomeTopCompanyCollectionViewCell.swift */; };
		FAC4723C299A99FF003E1E3E /* HomeTopCompanyCollectionViewCell.xib in Resources */ = {isa = PBXBuildFile; fileRef = FAC4723A299A99FF003E1E3E /* HomeTopCompanyCollectionViewCell.xib */; };
		FAC47244299AA783003E1E3E /* HomeVacancyTableViewCell.swift in Sources */ = {isa = PBXBuildFile; fileRef = FAC47242299AA783003E1E3E /* HomeVacancyTableViewCell.swift */; };
		FAC47245299AA783003E1E3E /* HomeVacancyTableViewCell.xib in Resources */ = {isa = PBXBuildFile; fileRef = FAC47243299AA783003E1E3E /* HomeVacancyTableViewCell.xib */; };
		FAE520D4299CE9B200CDA618 /* VacancyDataService.swift in Sources */ = {isa = PBXBuildFile; fileRef = FAE520D3299CE9B200CDA618 /* VacancyDataService.swift */; };
		FAE520D7299CFA2F00CDA618 /* NetworkService.swift in Sources */ = {isa = PBXBuildFile; fileRef = FAE520D6299CFA2F00CDA618 /* NetworkService.swift */; };
/* End PBXBuildFile section */

/* Begin PBXFileReference section */
		4FB199641CC6399D6AC2EC39 /* Pods_StaffUIKit.framework */ = {isa = PBXFileReference; explicitFileType = wrapper.framework; includeInIndex = 0; path = Pods_StaffUIKit.framework; sourceTree = BUILT_PRODUCTS_DIR; };
		B9052BDB17962AFF0390C449 /* Pods-StaffUIKit.release.xcconfig */ = {isa = PBXFileReference; includeInIndex = 1; lastKnownFileType = text.xcconfig; name = "Pods-StaffUIKit.release.xcconfig"; path = "Target Support Files/Pods-StaffUIKit/Pods-StaffUIKit.release.xcconfig"; sourceTree = "<group>"; };
		BFF772D4C2EE556C1C903839 /* Pods-StaffUIKit.debug.xcconfig */ = {isa = PBXFileReference; includeInIndex = 1; lastKnownFileType = text.xcconfig; name = "Pods-StaffUIKit.debug.xcconfig"; path = "Target Support Files/Pods-StaffUIKit/Pods-StaffUIKit.debug.xcconfig"; sourceTree = "<group>"; };
		FA09444A299E8C5000AA24AE /* HomeIndicatorTableViewCell.swift */ = {isa = PBXFileReference; lastKnownFileType = sourcecode.swift; path = HomeIndicatorTableViewCell.swift; sourceTree = "<group>"; };
		FA09444B299E8C5000AA24AE /* HomeIndicatorTableViewCell.xib */ = {isa = PBXFileReference; lastKnownFileType = file.xib; path = HomeIndicatorTableViewCell.xib; sourceTree = "<group>"; };
		FA09444F299E8DF700AA24AE /* CategoryDataService.swift */ = {isa = PBXFileReference; lastKnownFileType = sourcecode.swift; path = CategoryDataService.swift; sourceTree = "<group>"; };
		FA318396299A0E0D00DDDBD3 /* StaffUIKit.app */ = {isa = PBXFileReference; explicitFileType = wrapper.application; includeInIndex = 0; path = StaffUIKit.app; sourceTree = BUILT_PRODUCTS_DIR; };
		FA318399299A0E0D00DDDBD3 /* AppDelegate.swift */ = {isa = PBXFileReference; lastKnownFileType = sourcecode.swift; path = AppDelegate.swift; sourceTree = "<group>"; };
		FA31839B299A0E0D00DDDBD3 /* SceneDelegate.swift */ = {isa = PBXFileReference; lastKnownFileType = sourcecode.swift; path = SceneDelegate.swift; sourceTree = "<group>"; };
		FA3183A0299A0E0D00DDDBD3 /* Base */ = {isa = PBXFileReference; lastKnownFileType = file.storyboard; name = Base; path = Base.lproj/Main.storyboard; sourceTree = "<group>"; };
		FA3183A3299A0E0D00DDDBD3 /* StaffUIKit.xcdatamodel */ = {isa = PBXFileReference; lastKnownFileType = wrapper.xcdatamodel; path = StaffUIKit.xcdatamodel; sourceTree = "<group>"; };
		FA3183A5299A0E0E00DDDBD3 /* Assets.xcassets */ = {isa = PBXFileReference; lastKnownFileType = folder.assetcatalog; path = Assets.xcassets; sourceTree = "<group>"; };
		FA3183A8299A0E0E00DDDBD3 /* Base */ = {isa = PBXFileReference; lastKnownFileType = file.storyboard; name = Base; path = Base.lproj/LaunchScreen.storyboard; sourceTree = "<group>"; };
		FA3183AA299A0E0E00DDDBD3 /* Info.plist */ = {isa = PBXFileReference; lastKnownFileType = text.plist.xml; path = Info.plist; sourceTree = "<group>"; };
		FA3183B4299A0EBA00DDDBD3 /* HomeViewController.swift */ = {isa = PBXFileReference; lastKnownFileType = sourcecode.swift; path = HomeViewController.swift; sourceTree = "<group>"; };
		FA3183B7299A12CD00DDDBD3 /* HomeHeaderTableViewCell.swift */ = {isa = PBXFileReference; lastKnownFileType = sourcecode.swift; path = HomeHeaderTableViewCell.swift; sourceTree = "<group>"; };
		FA3183B8299A12CD00DDDBD3 /* HomeHeaderTableViewCell.xib */ = {isa = PBXFileReference; lastKnownFileType = file.xib; path = HomeHeaderTableViewCell.xib; sourceTree = "<group>"; };
		FA3183BC299A2CD500DDDBD3 /* HomeSearchBarTableViewCell.swift */ = {isa = PBXFileReference; lastKnownFileType = sourcecode.swift; path = HomeSearchBarTableViewCell.swift; sourceTree = "<group>"; };
		FA3183BD299A2CD500DDDBD3 /* HomeSearchBarTableViewCell.xib */ = {isa = PBXFileReference; lastKnownFileType = file.xib; path = HomeSearchBarTableViewCell.xib; sourceTree = "<group>"; };
		FA3183C1299A315F00DDDBD3 /* HomeFilterTableViewCell.swift */ = {isa = PBXFileReference; lastKnownFileType = sourcecode.swift; path = HomeFilterTableViewCell.swift; sourceTree = "<group>"; };
		FA3183C2299A315F00DDDBD3 /* HomeFilterTableViewCell.xib */ = {isa = PBXFileReference; lastKnownFileType = file.xib; path = HomeFilterTableViewCell.xib; sourceTree = "<group>"; };
		FA73C057299B7BF60099A514 /* HomeNetworkService.swift */ = {isa = PBXFileReference; lastKnownFileType = sourcecode.swift; path = HomeNetworkService.swift; sourceTree = "<group>"; };
		FA73C05A299BAFBE0099A514 /* HomeModel.swift */ = {isa = PBXFileReference; lastKnownFileType = sourcecode.swift; path = HomeModel.swift; sourceTree = "<group>"; };
		FA73C05D299BB4010099A514 /* Helper.swift */ = {isa = PBXFileReference; lastKnownFileType = sourcecode.swift; path = Helper.swift; sourceTree = "<group>"; };
		FA73C060299BB5190099A514 /* UserInfo.swift */ = {isa = PBXFileReference; lastKnownFileType = sourcecode.swift; path = UserInfo.swift; sourceTree = "<group>"; };
		FABCA4F6299C883D00989688 /* VacancyModel.swift */ = {isa = PBXFileReference; lastKnownFileType = sourcecode.swift; path = VacancyModel.swift; sourceTree = "<group>"; };
		FAC47222299A40D5003E1E3E /* HomeTopCategoriesTableViewCell.swift */ = {isa = PBXFileReference; lastKnownFileType = sourcecode.swift; path = HomeTopCategoriesTableViewCell.swift; sourceTree = "<group>"; };
		FAC47223299A40D5003E1E3E /* HomeTopCategoriesTableViewCell.xib */ = {isa = PBXFileReference; lastKnownFileType = file.xib; path = HomeTopCategoriesTableViewCell.xib; sourceTree = "<group>"; };
		FAC4722B299A4192003E1E3E /* HomeTopCategoryCollectionViewCell.swift */ = {isa = PBXFileReference; lastKnownFileType = sourcecode.swift; path = HomeTopCategoryCollectionViewCell.swift; sourceTree = "<group>"; };
		FAC4722C299A4192003E1E3E /* HomeTopCategoryCollectionViewCell.xib */ = {isa = PBXFileReference; lastKnownFileType = file.xib; path = HomeTopCategoryCollectionViewCell.xib; sourceTree = "<group>"; };
		FAC47234299A995C003E1E3E /* HomeTopCompaniesTableViewCell.swift */ = {isa = PBXFileReference; lastKnownFileType = sourcecode.swift; path = HomeTopCompaniesTableViewCell.swift; sourceTree = "<group>"; };
		FAC47235299A995C003E1E3E /* HomeTopCompaniesTableViewCell.xib */ = {isa = PBXFileReference; lastKnownFileType = file.xib; path = HomeTopCompaniesTableViewCell.xib; sourceTree = "<group>"; };
		FAC47239299A99FF003E1E3E /* HomeTopCompanyCollectionViewCell.swift */ = {isa = PBXFileReference; lastKnownFileType = sourcecode.swift; path = HomeTopCompanyCollectionViewCell.swift; sourceTree = "<group>"; };
		FAC4723A299A99FF003E1E3E /* HomeTopCompanyCollectionViewCell.xib */ = {isa = PBXFileReference; lastKnownFileType = file.xib; path = HomeTopCompanyCollectionViewCell.xib; sourceTree = "<group>"; };
		FAC47242299AA783003E1E3E /* HomeVacancyTableViewCell.swift */ = {isa = PBXFileReference; lastKnownFileType = sourcecode.swift; path = HomeVacancyTableViewCell.swift; sourceTree = "<group>"; };
		FAC47243299AA783003E1E3E /* HomeVacancyTableViewCell.xib */ = {isa = PBXFileReference; lastKnownFileType = file.xib; path = HomeVacancyTableViewCell.xib; sourceTree = "<group>"; };
		FAE520D3299CE9B200CDA618 /* VacancyDataService.swift */ = {isa = PBXFileReference; lastKnownFileType = sourcecode.swift; path = VacancyDataService.swift; sourceTree = "<group>"; };
		FAE520D6299CFA2F00CDA618 /* NetworkService.swift */ = {isa = PBXFileReference; lastKnownFileType = sourcecode.swift; path = NetworkService.swift; sourceTree = "<group>"; };
/* End PBXFileReference section */

/* Begin PBXFrameworksBuildPhase section */
		FA318393299A0E0D00DDDBD3 /* Frameworks */ = {
			isa = PBXFrameworksBuildPhase;
			buildActionMask = 2147483647;
			files = (
				3A0DC4542E520CE48DE5827C /* Pods_StaffUIKit.framework in Frameworks */,
			);
			runOnlyForDeploymentPostprocessing = 0;
		};
/* End PBXFrameworksBuildPhase section */

/* Begin PBXGroup section */
		1A67EEC03CAB01A57231C7E3 /* Frameworks */ = {
			isa = PBXGroup;
			children = (
				4FB199641CC6399D6AC2EC39 /* Pods_StaffUIKit.framework */,
			);
			name = Frameworks;
			sourceTree = "<group>";
		};
		7CC99EF06265686230E25ABA /* Pods */ = {
			isa = PBXGroup;
			children = (
				BFF772D4C2EE556C1C903839 /* Pods-StaffUIKit.debug.xcconfig */,
				B9052BDB17962AFF0390C449 /* Pods-StaffUIKit.release.xcconfig */,
			);
			path = Pods;
			sourceTree = "<group>";
		};
		FA094449299E8C3000AA24AE /* Indicator */ = {
			isa = PBXGroup;
			children = (
				FA09444A299E8C5000AA24AE /* HomeIndicatorTableViewCell.swift */,
				FA09444B299E8C5000AA24AE /* HomeIndicatorTableViewCell.xib */,
			);
			path = Indicator;
			sourceTree = "<group>";
		};
		FA09444E299E8DB800AA24AE /* DataService */ = {
			isa = PBXGroup;
			children = (
				FAE520D3299CE9B200CDA618 /* VacancyDataService.swift */,
				FA09444F299E8DF700AA24AE /* CategoryDataService.swift */,
			);
			path = DataService;
			sourceTree = "<group>";
		};
		FA31838D299A0E0D00DDDBD3 = {
			isa = PBXGroup;
			children = (
				FA318398299A0E0D00DDDBD3 /* StaffUIKit */,
				FA318397299A0E0D00DDDBD3 /* Products */,
				7CC99EF06265686230E25ABA /* Pods */,
				1A67EEC03CAB01A57231C7E3 /* Frameworks */,
			);
			sourceTree = "<group>";
		};
		FA318397299A0E0D00DDDBD3 /* Products */ = {
			isa = PBXGroup;
			children = (
				FA318396299A0E0D00DDDBD3 /* StaffUIKit.app */,
			);
			name = Products;
			sourceTree = "<group>";
		};
		FA318398299A0E0D00DDDBD3 /* StaffUIKit */ = {
			isa = PBXGroup;
			children = (
				FA3183B1299A0E6600DDDBD3 /* App */,
				FA09444E299E8DB800AA24AE /* DataService */,
				FAE520D5299CFA1B00CDA618 /* NetworkService */,
				FA73C05F299BB5060099A514 /* UserInfo */,
				FA73C05C299BB3F40099A514 /* Helper */,
				FA3183B0299A0E5E00DDDBD3 /* Home */,
				FA3183A5299A0E0E00DDDBD3 /* Assets.xcassets */,
				FA31839F299A0E0D00DDDBD3 /* Main.storyboard */,
				FA3183A7299A0E0E00DDDBD3 /* LaunchScreen.storyboard */,
				FA3183AA299A0E0E00DDDBD3 /* Info.plist */,
				FA3183A2299A0E0D00DDDBD3 /* StaffUIKit.xcdatamodeld */,
			);
			path = StaffUIKit;
			sourceTree = "<group>";
		};
		FA3183B0299A0E5E00DDDBD3 /* Home */ = {
			isa = PBXGroup;
			children = (
				FA094449299E8C3000AA24AE /* Indicator */,
				FAC4723D299AA1EE003E1E3E /* Vacancies */,
				FAC4722F299A990E003E1E3E /* TopCompanies */,
				FAC4721D299A3D7F003E1E3E /* TopCategories */,
				FA3183C0299A314E00DDDBD3 /* Filter */,
				FA3183BB299A2BD200DDDBD3 /* SearchBar */,
				FA3183B6299A12A600DDDBD3 /* Header */,
				FA73C057299B7BF60099A514 /* HomeNetworkService.swift */,
				FA3183B4299A0EBA00DDDBD3 /* HomeViewController.swift */,
				FA73C05A299BAFBE0099A514 /* HomeModel.swift */,
			);
			path = Home;
			sourceTree = "<group>";
		};
		FA3183B1299A0E6600DDDBD3 /* App */ = {
			isa = PBXGroup;
			children = (
				FA31839B299A0E0D00DDDBD3 /* SceneDelegate.swift */,
				FA318399299A0E0D00DDDBD3 /* AppDelegate.swift */,
			);
			path = App;
			sourceTree = "<group>";
		};
		FA3183B6299A12A600DDDBD3 /* Header */ = {
			isa = PBXGroup;
			children = (
				FA3183B7299A12CD00DDDBD3 /* HomeHeaderTableViewCell.swift */,
				FA3183B8299A12CD00DDDBD3 /* HomeHeaderTableViewCell.xib */,
			);
			path = Header;
			sourceTree = "<group>";
		};
		FA3183BB299A2BD200DDDBD3 /* SearchBar */ = {
			isa = PBXGroup;
			children = (
				FA3183BC299A2CD500DDDBD3 /* HomeSearchBarTableViewCell.swift */,
				FA3183BD299A2CD500DDDBD3 /* HomeSearchBarTableViewCell.xib */,
			);
			path = SearchBar;
			sourceTree = "<group>";
		};
		FA3183C0299A314E00DDDBD3 /* Filter */ = {
			isa = PBXGroup;
			children = (
				FA3183C1299A315F00DDDBD3 /* HomeFilterTableViewCell.swift */,
				FA3183C2299A315F00DDDBD3 /* HomeFilterTableViewCell.xib */,
			);
			path = Filter;
			sourceTree = "<group>";
		};
		FA73C05C299BB3F40099A514 /* Helper */ = {
			isa = PBXGroup;
			children = (
				FA73C05D299BB4010099A514 /* Helper.swift */,
			);
			path = Helper;
			sourceTree = "<group>";
		};
		FA73C05F299BB5060099A514 /* UserInfo */ = {
			isa = PBXGroup;
			children = (
				FA73C060299BB5190099A514 /* UserInfo.swift */,
			);
			path = UserInfo;
			sourceTree = "<group>";
		};
		FAC4721D299A3D7F003E1E3E /* TopCategories */ = {
			isa = PBXGroup;
			children = (
				FAC47226299A4141003E1E3E /* TopCategory */,
				FAC47222299A40D5003E1E3E /* HomeTopCategoriesTableViewCell.swift */,
				FAC47223299A40D5003E1E3E /* HomeTopCategoriesTableViewCell.xib */,
			);
			path = TopCategories;
			sourceTree = "<group>";
		};
		FAC47226299A4141003E1E3E /* TopCategory */ = {
			isa = PBXGroup;
			children = (
				FAC4722B299A4192003E1E3E /* HomeTopCategoryCollectionViewCell.swift */,
				FAC4722C299A4192003E1E3E /* HomeTopCategoryCollectionViewCell.xib */,
			);
			path = TopCategory;
			sourceTree = "<group>";
		};
		FAC4722F299A990E003E1E3E /* TopCompanies */ = {
			isa = PBXGroup;
			children = (
				FAC47238299A99E2003E1E3E /* TopCompany */,
				FAC47234299A995C003E1E3E /* HomeTopCompaniesTableViewCell.swift */,
				FAC47235299A995C003E1E3E /* HomeTopCompaniesTableViewCell.xib */,
			);
			path = TopCompanies;
			sourceTree = "<group>";
		};
		FAC47238299A99E2003E1E3E /* TopCompany */ = {
			isa = PBXGroup;
			children = (
				FAC47239299A99FF003E1E3E /* HomeTopCompanyCollectionViewCell.swift */,
				FAC4723A299A99FF003E1E3E /* HomeTopCompanyCollectionViewCell.xib */,
			);
			path = TopCompany;
			sourceTree = "<group>";
		};
		FAC4723D299AA1EE003E1E3E /* Vacancies */ = {
			isa = PBXGroup;
			children = (
				FABCA4F6299C883D00989688 /* VacancyModel.swift */,
				FAC47242299AA783003E1E3E /* HomeVacancyTableViewCell.swift */,
				FAC47243299AA783003E1E3E /* HomeVacancyTableViewCell.xib */,
			);
			path = Vacancies;
			sourceTree = "<group>";
		};
		FAE520D5299CFA1B00CDA618 /* NetworkService */ = {
			isa = PBXGroup;
			children = (
				FAE520D6299CFA2F00CDA618 /* NetworkService.swift */,
			);
			path = NetworkService;
			sourceTree = "<group>";
		};
/* End PBXGroup section */

/* Begin PBXNativeTarget section */
		FA318395299A0E0D00DDDBD3 /* StaffUIKit */ = {
			isa = PBXNativeTarget;
			buildConfigurationList = FA3183AD299A0E0E00DDDBD3 /* Build configuration list for PBXNativeTarget "StaffUIKit" */;
			buildPhases = (
				A25B40C546C5A5A51DCE14C1 /* [CP] Check Pods Manifest.lock */,
				FA318392299A0E0D00DDDBD3 /* Sources */,
				FA318393299A0E0D00DDDBD3 /* Frameworks */,
				FA318394299A0E0D00DDDBD3 /* Resources */,
				B5064B187593B0B86C8C3173 /* [CP] Embed Pods Frameworks */,
			);
			buildRules = (
			);
			dependencies = (
			);
			name = StaffUIKit;
			productName = StaffUIKit;
			productReference = FA318396299A0E0D00DDDBD3 /* StaffUIKit.app */;
			productType = "com.apple.product-type.application";
		};
/* End PBXNativeTarget section */

/* Begin PBXProject section */
		FA31838E299A0E0D00DDDBD3 /* Project object */ = {
			isa = PBXProject;
			attributes = {
				BuildIndependentTargetsInParallel = 1;
				LastSwiftUpdateCheck = 1400;
				LastUpgradeCheck = 1400;
				TargetAttributes = {
					FA318395299A0E0D00DDDBD3 = {
						CreatedOnToolsVersion = 14.0.1;
					};
				};
			};
			buildConfigurationList = FA318391299A0E0D00DDDBD3 /* Build configuration list for PBXProject "StaffUIKit" */;
			compatibilityVersion = "Xcode 14.0";
			developmentRegion = en;
			hasScannedForEncodings = 0;
			knownRegions = (
				en,
				Base,
			);
			mainGroup = FA31838D299A0E0D00DDDBD3;
			productRefGroup = FA318397299A0E0D00DDDBD3 /* Products */;
			projectDirPath = "";
			projectRoot = "";
			targets = (
				FA318395299A0E0D00DDDBD3 /* StaffUIKit */,
			);
		};
/* End PBXProject section */

/* Begin PBXResourcesBuildPhase section */
		FA318394299A0E0D00DDDBD3 /* Resources */ = {
			isa = PBXResourcesBuildPhase;
			buildActionMask = 2147483647;
			files = (
				FAC47225299A40D5003E1E3E /* HomeTopCategoriesTableViewCell.xib in Resources */,
				FA3183A9299A0E0E00DDDBD3 /* LaunchScreen.storyboard in Resources */,
				FA3183BF299A2CD500DDDBD3 /* HomeSearchBarTableViewCell.xib in Resources */,
				FAC47237299A995C003E1E3E /* HomeTopCompaniesTableViewCell.xib in Resources */,
				FA3183C4299A315F00DDDBD3 /* HomeFilterTableViewCell.xib in Resources */,
				FA3183BA299A12CD00DDDBD3 /* HomeHeaderTableViewCell.xib in Resources */,
				FAC47245299AA783003E1E3E /* HomeVacancyTableViewCell.xib in Resources */,
				FA3183A6299A0E0E00DDDBD3 /* Assets.xcassets in Resources */,
				FA09444D299E8C5000AA24AE /* HomeIndicatorTableViewCell.xib in Resources */,
				FAC4723C299A99FF003E1E3E /* HomeTopCompanyCollectionViewCell.xib in Resources */,
				FA3183A1299A0E0D00DDDBD3 /* Main.storyboard in Resources */,
				FAC4722E299A4192003E1E3E /* HomeTopCategoryCollectionViewCell.xib in Resources */,
			);
			runOnlyForDeploymentPostprocessing = 0;
		};
/* End PBXResourcesBuildPhase section */

/* Begin PBXShellScriptBuildPhase section */
		A25B40C546C5A5A51DCE14C1 /* [CP] Check Pods Manifest.lock */ = {
			isa = PBXShellScriptBuildPhase;
			buildActionMask = 2147483647;
			files = (
			);
			inputFileListPaths = (
			);
			inputPaths = (
				"${PODS_PODFILE_DIR_PATH}/Podfile.lock",
				"${PODS_ROOT}/Manifest.lock",
			);
			name = "[CP] Check Pods Manifest.lock";
			outputFileListPaths = (
			);
			outputPaths = (
				"$(DERIVED_FILE_DIR)/Pods-StaffUIKit-checkManifestLockResult.txt",
			);
			runOnlyForDeploymentPostprocessing = 0;
			shellPath = /bin/sh;
			shellScript = "diff \"${PODS_PODFILE_DIR_PATH}/Podfile.lock\" \"${PODS_ROOT}/Manifest.lock\" > /dev/null\nif [ $? != 0 ] ; then\n    # print error to STDERR\n    echo \"error: The sandbox is not in sync with the Podfile.lock. Run 'pod install' or update your CocoaPods installation.\" >&2\n    exit 1\nfi\n# This output is used by Xcode 'outputs' to avoid re-running this script phase.\necho \"SUCCESS\" > \"${SCRIPT_OUTPUT_FILE_0}\"\n";
			showEnvVarsInLog = 0;
		};
		B5064B187593B0B86C8C3173 /* [CP] Embed Pods Frameworks */ = {
			isa = PBXShellScriptBuildPhase;
			buildActionMask = 2147483647;
			files = (
			);
			inputFileListPaths = (
				"${PODS_ROOT}/Target Support Files/Pods-StaffUIKit/Pods-StaffUIKit-frameworks-${CONFIGURATION}-input-files.xcfilelist",
			);
			name = "[CP] Embed Pods Frameworks";
			outputFileListPaths = (
				"${PODS_ROOT}/Target Support Files/Pods-StaffUIKit/Pods-StaffUIKit-frameworks-${CONFIGURATION}-output-files.xcfilelist",
			);
			runOnlyForDeploymentPostprocessing = 0;
			shellPath = /bin/sh;
			shellScript = "\"${PODS_ROOT}/Target Support Files/Pods-StaffUIKit/Pods-StaffUIKit-frameworks.sh\"\n";
			showEnvVarsInLog = 0;
		};
/* End PBXShellScriptBuildPhase section */

/* Begin PBXSourcesBuildPhase section */
		FA318392299A0E0D00DDDBD3 /* Sources */ = {
			isa = PBXSourcesBuildPhase;
			buildActionMask = 2147483647;
			files = (
				FAC4723B299A99FF003E1E3E /* HomeTopCompanyCollectionViewCell.swift in Sources */,
				FA3183A4299A0E0D00DDDBD3 /* StaffUIKit.xcdatamodeld in Sources */,
				FA094450299E8DF700AA24AE /* CategoryDataService.swift in Sources */,
				FAE520D4299CE9B200CDA618 /* VacancyDataService.swift in Sources */,
				FA73C05E299BB4010099A514 /* Helper.swift in Sources */,
				FA3183B9299A12CD00DDDBD3 /* HomeHeaderTableViewCell.swift in Sources */,
				FA73C061299BB5190099A514 /* UserInfo.swift in Sources */,
				FA3183C3299A315F00DDDBD3 /* HomeFilterTableViewCell.swift in Sources */,
				FA73C058299B7BF60099A514 /* HomeNetworkService.swift in Sources */,
				FA09444C299E8C5000AA24AE /* HomeIndicatorTableViewCell.swift in Sources */,
				FAC47224299A40D5003E1E3E /* HomeTopCategoriesTableViewCell.swift in Sources */,
				FAC4722D299A4192003E1E3E /* HomeTopCategoryCollectionViewCell.swift in Sources */,
				FAC47244299AA783003E1E3E /* HomeVacancyTableViewCell.swift in Sources */,
				FA3183BE299A2CD500DDDBD3 /* HomeSearchBarTableViewCell.swift in Sources */,
				FAC47236299A995C003E1E3E /* HomeTopCompaniesTableViewCell.swift in Sources */,
				FA73C05B299BAFBE0099A514 /* HomeModel.swift in Sources */,
				FA31839A299A0E0D00DDDBD3 /* AppDelegate.swift in Sources */,
				FAE520D7299CFA2F00CDA618 /* NetworkService.swift in Sources */,
				FABCA4F7299C883D00989688 /* VacancyModel.swift in Sources */,
				FA31839C299A0E0D00DDDBD3 /* SceneDelegate.swift in Sources */,
				FA3183B5299A0EBA00DDDBD3 /* HomeViewController.swift in Sources */,
			);
			runOnlyForDeploymentPostprocessing = 0;
		};
/* End PBXSourcesBuildPhase section */

/* Begin PBXVariantGroup section */
		FA31839F299A0E0D00DDDBD3 /* Main.storyboard */ = {
			isa = PBXVariantGroup;
			children = (
				FA3183A0299A0E0D00DDDBD3 /* Base */,
			);
			name = Main.storyboard;
			sourceTree = "<group>";
		};
		FA3183A7299A0E0E00DDDBD3 /* LaunchScreen.storyboard */ = {
			isa = PBXVariantGroup;
			children = (
				FA3183A8299A0E0E00DDDBD3 /* Base */,
			);
			name = LaunchScreen.storyboard;
			sourceTree = "<group>";
		};
/* End PBXVariantGroup section */

/* Begin XCBuildConfiguration section */
		FA3183AB299A0E0E00DDDBD3 /* Debug */ = {
			isa = XCBuildConfiguration;
			buildSettings = {
				ALWAYS_SEARCH_USER_PATHS = NO;
				CLANG_ANALYZER_NONNULL = YES;
				CLANG_ANALYZER_NUMBER_OBJECT_CONVERSION = YES_AGGRESSIVE;
				CLANG_CXX_LANGUAGE_STANDARD = "gnu++20";
				CLANG_ENABLE_MODULES = YES;
				CLANG_ENABLE_OBJC_ARC = YES;
				CLANG_ENABLE_OBJC_WEAK = YES;
				CLANG_WARN_BLOCK_CAPTURE_AUTORELEASING = YES;
				CLANG_WARN_BOOL_CONVERSION = YES;
				CLANG_WARN_COMMA = YES;
				CLANG_WARN_CONSTANT_CONVERSION = YES;
				CLANG_WARN_DEPRECATED_OBJC_IMPLEMENTATIONS = YES;
				CLANG_WARN_DIRECT_OBJC_ISA_USAGE = YES_ERROR;
				CLANG_WARN_DOCUMENTATION_COMMENTS = YES;
				CLANG_WARN_EMPTY_BODY = YES;
				CLANG_WARN_ENUM_CONVERSION = YES;
				CLANG_WARN_INFINITE_RECURSION = YES;
				CLANG_WARN_INT_CONVERSION = YES;
				CLANG_WARN_NON_LITERAL_NULL_CONVERSION = YES;
				CLANG_WARN_OBJC_IMPLICIT_RETAIN_SELF = YES;
				CLANG_WARN_OBJC_LITERAL_CONVERSION = YES;
				CLANG_WARN_OBJC_ROOT_CLASS = YES_ERROR;
				CLANG_WARN_QUOTED_INCLUDE_IN_FRAMEWORK_HEADER = YES;
				CLANG_WARN_RANGE_LOOP_ANALYSIS = YES;
				CLANG_WARN_STRICT_PROTOTYPES = YES;
				CLANG_WARN_SUSPICIOUS_MOVE = YES;
				CLANG_WARN_UNGUARDED_AVAILABILITY = YES_AGGRESSIVE;
				CLANG_WARN_UNREACHABLE_CODE = YES;
				CLANG_WARN__DUPLICATE_METHOD_MATCH = YES;
				COPY_PHASE_STRIP = NO;
				DEBUG_INFORMATION_FORMAT = dwarf;
				ENABLE_STRICT_OBJC_MSGSEND = YES;
				ENABLE_TESTABILITY = YES;
				GCC_C_LANGUAGE_STANDARD = gnu11;
				GCC_DYNAMIC_NO_PIC = NO;
				GCC_NO_COMMON_BLOCKS = YES;
				GCC_OPTIMIZATION_LEVEL = 0;
				GCC_PREPROCESSOR_DEFINITIONS = (
					"DEBUG=1",
					"$(inherited)",
				);
				GCC_WARN_64_TO_32_BIT_CONVERSION = YES;
				GCC_WARN_ABOUT_RETURN_TYPE = YES_ERROR;
				GCC_WARN_UNDECLARED_SELECTOR = YES;
				GCC_WARN_UNINITIALIZED_AUTOS = YES_AGGRESSIVE;
				GCC_WARN_UNUSED_FUNCTION = YES;
				GCC_WARN_UNUSED_VARIABLE = YES;
				IPHONEOS_DEPLOYMENT_TARGET = 16.0;
				MTL_ENABLE_DEBUG_INFO = INCLUDE_SOURCE;
				MTL_FAST_MATH = YES;
				ONLY_ACTIVE_ARCH = YES;
				SDKROOT = iphoneos;
				SWIFT_ACTIVE_COMPILATION_CONDITIONS = DEBUG;
				SWIFT_OPTIMIZATION_LEVEL = "-Onone";
			};
			name = Debug;
		};
		FA3183AC299A0E0E00DDDBD3 /* Release */ = {
			isa = XCBuildConfiguration;
			buildSettings = {
				ALWAYS_SEARCH_USER_PATHS = NO;
				CLANG_ANALYZER_NONNULL = YES;
				CLANG_ANALYZER_NUMBER_OBJECT_CONVERSION = YES_AGGRESSIVE;
				CLANG_CXX_LANGUAGE_STANDARD = "gnu++20";
				CLANG_ENABLE_MODULES = YES;
				CLANG_ENABLE_OBJC_ARC = YES;
				CLANG_ENABLE_OBJC_WEAK = YES;
				CLANG_WARN_BLOCK_CAPTURE_AUTORELEASING = YES;
				CLANG_WARN_BOOL_CONVERSION = YES;
				CLANG_WARN_COMMA = YES;
				CLANG_WARN_CONSTANT_CONVERSION = YES;
				CLANG_WARN_DEPRECATED_OBJC_IMPLEMENTATIONS = YES;
				CLANG_WARN_DIRECT_OBJC_ISA_USAGE = YES_ERROR;
				CLANG_WARN_DOCUMENTATION_COMMENTS = YES;
				CLANG_WARN_EMPTY_BODY = YES;
				CLANG_WARN_ENUM_CONVERSION = YES;
				CLANG_WARN_INFINITE_RECURSION = YES;
				CLANG_WARN_INT_CONVERSION = YES;
				CLANG_WARN_NON_LITERAL_NULL_CONVERSION = YES;
				CLANG_WARN_OBJC_IMPLICIT_RETAIN_SELF = YES;
				CLANG_WARN_OBJC_LITERAL_CONVERSION = YES;
				CLANG_WARN_OBJC_ROOT_CLASS = YES_ERROR;
				CLANG_WARN_QUOTED_INCLUDE_IN_FRAMEWORK_HEADER = YES;
				CLANG_WARN_RANGE_LOOP_ANALYSIS = YES;
				CLANG_WARN_STRICT_PROTOTYPES = YES;
				CLANG_WARN_SUSPICIOUS_MOVE = YES;
				CLANG_WARN_UNGUARDED_AVAILABILITY = YES_AGGRESSIVE;
				CLANG_WARN_UNREACHABLE_CODE = YES;
				CLANG_WARN__DUPLICATE_METHOD_MATCH = YES;
				COPY_PHASE_STRIP = NO;
				DEBUG_INFORMATION_FORMAT = "dwarf-with-dsym";
				ENABLE_NS_ASSERTIONS = NO;
				ENABLE_STRICT_OBJC_MSGSEND = YES;
				GCC_C_LANGUAGE_STANDARD = gnu11;
				GCC_NO_COMMON_BLOCKS = YES;
				GCC_WARN_64_TO_32_BIT_CONVERSION = YES;
				GCC_WARN_ABOUT_RETURN_TYPE = YES_ERROR;
				GCC_WARN_UNDECLARED_SELECTOR = YES;
				GCC_WARN_UNINITIALIZED_AUTOS = YES_AGGRESSIVE;
				GCC_WARN_UNUSED_FUNCTION = YES;
				GCC_WARN_UNUSED_VARIABLE = YES;
				IPHONEOS_DEPLOYMENT_TARGET = 16.0;
				MTL_ENABLE_DEBUG_INFO = NO;
				MTL_FAST_MATH = YES;
				SDKROOT = iphoneos;
				SWIFT_COMPILATION_MODE = wholemodule;
				SWIFT_OPTIMIZATION_LEVEL = "-O";
				VALIDATE_PRODUCT = YES;
			};
			name = Release;
		};
		FA3183AE299A0E0E00DDDBD3 /* Debug */ = {
			isa = XCBuildConfiguration;
			baseConfigurationReference = BFF772D4C2EE556C1C903839 /* Pods-StaffUIKit.debug.xcconfig */;
			buildSettings = {
				ASSETCATALOG_COMPILER_APPICON_NAME = AppIcon;
				ASSETCATALOG_COMPILER_GLOBAL_ACCENT_COLOR_NAME = AccentColor;
				CODE_SIGN_STYLE = Automatic;
				CURRENT_PROJECT_VERSION = 1;
				GENERATE_INFOPLIST_FILE = YES;
				INFOPLIST_FILE = StaffUIKit/Info.plist;
				INFOPLIST_KEY_UIApplicationSupportsIndirectInputEvents = YES;
				INFOPLIST_KEY_UILaunchStoryboardName = LaunchScreen;
				INFOPLIST_KEY_UIMainStoryboardFile = Main;
				INFOPLIST_KEY_UISupportedInterfaceOrientations_iPad = "UIInterfaceOrientationPortrait UIInterfaceOrientationPortraitUpsideDown UIInterfaceOrientationLandscapeLeft UIInterfaceOrientationLandscapeRight";
				INFOPLIST_KEY_UISupportedInterfaceOrientations_iPhone = "UIInterfaceOrientationPortrait UIInterfaceOrientationLandscapeLeft UIInterfaceOrientationLandscapeRight";
				LD_RUNPATH_SEARCH_PATHS = (
					"$(inherited)",
					"@executable_path/Frameworks",
				);
				MARKETING_VERSION = 1.0;
				PRODUCT_BUNDLE_IDENTIFIER = Botur.StaffUIKit;
				PRODUCT_NAME = "$(TARGET_NAME)";
				SWIFT_EMIT_LOC_STRINGS = YES;
				SWIFT_VERSION = 5.0;
				TARGETED_DEVICE_FAMILY = "1,2";
			};
			name = Debug;
		};
		FA3183AF299A0E0E00DDDBD3 /* Release */ = {
			isa = XCBuildConfiguration;
			baseConfigurationReference = B9052BDB17962AFF0390C449 /* Pods-StaffUIKit.release.xcconfig */;
			buildSettings = {
				ASSETCATALOG_COMPILER_APPICON_NAME = AppIcon;
				ASSETCATALOG_COMPILER_GLOBAL_ACCENT_COLOR_NAME = AccentColor;
				CODE_SIGN_STYLE = Automatic;
				CURRENT_PROJECT_VERSION = 1;
				GENERATE_INFOPLIST_FILE = YES;
				INFOPLIST_FILE = StaffUIKit/Info.plist;
				INFOPLIST_KEY_UIApplicationSupportsIndirectInputEvents = YES;
				INFOPLIST_KEY_UILaunchStoryboardName = LaunchScreen;
				INFOPLIST_KEY_UIMainStoryboardFile = Main;
				INFOPLIST_KEY_UISupportedInterfaceOrientations_iPad = "UIInterfaceOrientationPortrait UIInterfaceOrientationPortraitUpsideDown UIInterfaceOrientationLandscapeLeft UIInterfaceOrientationLandscapeRight";
				INFOPLIST_KEY_UISupportedInterfaceOrientations_iPhone = "UIInterfaceOrientationPortrait UIInterfaceOrientationLandscapeLeft UIInterfaceOrientationLandscapeRight";
				LD_RUNPATH_SEARCH_PATHS = (
					"$(inherited)",
					"@executable_path/Frameworks",
				);
				MARKETING_VERSION = 1.0;
				PRODUCT_BUNDLE_IDENTIFIER = Botur.StaffUIKit;
				PRODUCT_NAME = "$(TARGET_NAME)";
				SWIFT_EMIT_LOC_STRINGS = YES;
				SWIFT_VERSION = 5.0;
				TARGETED_DEVICE_FAMILY = "1,2";
			};
			name = Release;
		};
/* End XCBuildConfiguration section */

/* Begin XCConfigurationList section */
		FA318391299A0E0D00DDDBD3 /* Build configuration list for PBXProject "StaffUIKit" */ = {
			isa = XCConfigurationList;
			buildConfigurations = (
				FA3183AB299A0E0E00DDDBD3 /* Debug */,
				FA3183AC299A0E0E00DDDBD3 /* Release */,
			);
			defaultConfigurationIsVisible = 0;
			defaultConfigurationName = Release;
		};
		FA3183AD299A0E0E00DDDBD3 /* Build configuration list for PBXNativeTarget "StaffUIKit" */ = {
			isa = XCConfigurationList;
			buildConfigurations = (
				FA3183AE299A0E0E00DDDBD3 /* Debug */,
				FA3183AF299A0E0E00DDDBD3 /* Release */,
			);
			defaultConfigurationIsVisible = 0;
			defaultConfigurationName = Release;
		};
/* End XCConfigurationList section */

/* Begin XCVersionGroup section */
		FA3183A2299A0E0D00DDDBD3 /* StaffUIKit.xcdatamodeld */ = {
			isa = XCVersionGroup;
			children = (
				FA3183A3299A0E0D00DDDBD3 /* StaffUIKit.xcdatamodel */,
			);
			currentVersion = FA3183A3299A0E0D00DDDBD3 /* StaffUIKit.xcdatamodel */;
			path = StaffUIKit.xcdatamodeld;
			sourceTree = "<group>";
			versionGroupType = wrapper.xcdatamodel;
		};
/* End XCVersionGroup section */
	};
	rootObject = FA31838E299A0E0D00DDDBD3 /* Project object */;
}
